
Microsoft Visual Studio Solution File, Format Version 12.00
# Visual Studio 15
VisualStudioVersion = 15.0.27130.2026
MinimumVisualStudioVersion = 10.0.40219.1
Project("{F184B08F-C81C-45F6-A57F-5ABD9991F28F}") = "Program4", "Program4\Program4.vbproj", "{BBF8070E-C64D-4CC3-92A1-01049DB3C5DD}"
EndProject
Global
	GlobalSection(SolutionConfigurationPlatforms) = preSolution
		Debug|Any CPU = Debug|Any CPU
		Release|Any CPU = Release|Any CPU
	EndGlobalSection
	GlobalSection(ProjectConfigurationPlatforms) = postSolution
		{BBF8070E-C64D-4CC3-92A1-01049DB3C5DD}.Debug|Any CPU.ActiveCfg = Debug|Any CPU
		{BBF8070E-C64D-4CC3-92A1-01049DB3C5DD}.Debug|Any CPU.Build.0 = Debug|Any CPU
		{BBF8070E-C64D-4CC3-92A1-01049DB3C5DD}.Release|Any CPU.ActiveCfg = Release|Any CPU
		{BBF8070E-C64D-4CC3-92A1-01049DB3C5DD}.Release|Any CPU.Build.0 = Release|Any CPU
	EndGlobalSection
	GlobalSection(SolutionProperties) = preSolution
		HideSolutionNode = FALSE
	EndGlobalSection
	GlobalSection(ExtensibilityGlobals) = postSolution
		SolutionGuid = {75D69AF9-DE6E-4A89-9063-6A2C2AEE06BE}
	EndGlobalSection
EndGlobal
