
Microsoft Visual Studio Solution File, Format Version 12.00
# Visual Studio 15
VisualStudioVersion = 15.0.27130.2020
MinimumVisualStudioVersion = 10.0.40219.1
Project("{FAE04EC0-301F-11D3-BF4B-00C04F79EFBC}") = "Program1", "Program1\Program1.csproj", "{AFBC1466-5B72-416B-A207-7CA7035135EF}"
EndProject
Global
	GlobalSection(SolutionConfigurationPlatforms) = preSolution
		Debug|Any CPU = Debug|Any CPU
		Release|Any CPU = Release|Any CPU
	EndGlobalSection
	GlobalSection(ProjectConfigurationPlatforms) = postSolution
		{AFBC1466-5B72-416B-A207-7CA7035135EF}.Debug|Any CPU.ActiveCfg = Debug|Any CPU
		{AFBC1466-5B72-416B-A207-7CA7035135EF}.Debug|Any CPU.Build.0 = Debug|Any CPU
		{AFBC1466-5B72-416B-A207-7CA7035135EF}.Release|Any CPU.ActiveCfg = Release|Any CPU
		{AFBC1466-5B72-416B-A207-7CA7035135EF}.Release|Any CPU.Build.0 = Release|Any CPU
	EndGlobalSection
	GlobalSection(SolutionProperties) = preSolution
		HideSolutionNode = FALSE
	EndGlobalSection
	GlobalSection(ExtensibilityGlobals) = postSolution
		SolutionGuid = {46D10E50-69C8-4D99-AB00-AA586D5F72F9}
	EndGlobalSection
EndGlobal
