
Microsoft Visual Studio Solution File, Format Version 12.00
# Visual Studio 15
VisualStudioVersion = 15.0.27130.2026
MinimumVisualStudioVersion = 10.0.40219.1
Project("{F184B08F-C81C-45F6-A57F-5ABD9991F28F}") = "Program6", "Program6\Program6.vbproj", "{585B9F29-36E6-404A-811E-0C78E3250F47}"
EndProject
Global
	GlobalSection(SolutionConfigurationPlatforms) = preSolution
		Debug|Any CPU = Debug|Any CPU
		Release|Any CPU = Release|Any CPU
	EndGlobalSection
	GlobalSection(ProjectConfigurationPlatforms) = postSolution
		{585B9F29-36E6-404A-811E-0C78E3250F47}.Debug|Any CPU.ActiveCfg = Debug|Any CPU
		{585B9F29-36E6-404A-811E-0C78E3250F47}.Debug|Any CPU.Build.0 = Debug|Any CPU
		{585B9F29-36E6-404A-811E-0C78E3250F47}.Release|Any CPU.ActiveCfg = Release|Any CPU
		{585B9F29-36E6-404A-811E-0C78E3250F47}.Release|Any CPU.Build.0 = Release|Any CPU
	EndGlobalSection
	GlobalSection(SolutionProperties) = preSolution
		HideSolutionNode = FALSE
	EndGlobalSection
	GlobalSection(ExtensibilityGlobals) = postSolution
		SolutionGuid = {2BF881C4-EB1C-4AF3-978A-67FA7B0C4F32}
	EndGlobalSection
EndGlobal
